
Microsoft Visual Studio Solution File, Format Version 12.00
# Visual Studio Version 16
VisualStudioVersion = 16.0.30002.166
MinimumVisualStudioVersion = 10.0.40219.1
Project("{FAE04EC0-301F-11D3-BF4B-00C04F79EFBC}") = "KKS", "KKS.csproj", "{2799E2C0-4A10-4B93-B2E8-5EE55349151B}"
EndProject
Global
	GlobalSection(SolutionConfigurationPlatforms) = preSolution
		Debug|Any CPU = Debug|Any CPU
		Release|Any CPU = Release|Any CPU
	EndGlobalSection
	GlobalSection(ProjectConfigurationPlatforms) = postSolution
		{2799E2C0-4A10-4B93-B2E8-5EE55349151B}.Debug|Any CPU.ActiveCfg = Debug|Any CPU
		{2799E2C0-4A10-4B93-B2E8-5EE55349151B}.Debug|Any CPU.Build.0 = Debug|Any CPU
		{2799E2C0-4A10-4B93-B2E8-5EE55349151B}.Release|Any CPU.ActiveCfg = Release|Any CPU
		{2799E2C0-4A10-4B93-B2E8-5EE55349151B}.Release|Any CPU.Build.0 = Release|Any CPU
	EndGlobalSection
	GlobalSection(SolutionProperties) = preSolution
		HideSolutionNode = FALSE
	EndGlobalSection
	GlobalSection(ExtensibilityGlobals) = postSolution
		SolutionGuid = {C4A8EFD0-5B6D-4783-8D9B-CAF7668B95D0}
	EndGlobalSection
EndGlobal
